// !$*UTF8*$!
{
	archiveVersion = 1;
	classes = {
	};
	objectVersion = 56;
	objects = {

/* Begin PBXBuildFile section */
		49104B2D2BBBA8BA00FA885C /* DeckTableViewCell.m in Sources */ = {isa = PBXBuildFile; fileRef = 49104B2C2BBBA8BA00FA885C /* DeckTableViewCell.m */; };
		49104B332BBBE1EA00FA885C /* Model.xcdatamodeld in Sources */ = {isa = PBXBuildFile; fileRef = 49104B302BBBE1EA00FA885C /* Model.xcdatamodeld */; };
		49104B382BBBE93C00FA885C /* Deck+CoreDataClass.m in Sources */ = {isa = PBXBuildFile; fileRef = 49104B362BBBE93C00FA885C /* Deck+CoreDataClass.m */; };
		49104B392BBBE93C00FA885C /* Deck+CoreDataProperties.m in Sources */ = {isa = PBXBuildFile; fileRef = 49104B372BBBE93C00FA885C /* Deck+CoreDataProperties.m */; };
		49104B3E2BBBE96F00FA885C /* Card+CoreDataClass.m in Sources */ = {isa = PBXBuildFile; fileRef = 49104B3C2BBBE96F00FA885C /* Card+CoreDataClass.m */; };
		49104B3F2BBBE96F00FA885C /* Card+CoreDataProperties.m in Sources */ = {isa = PBXBuildFile; fileRef = 49104B3D2BBBE96F00FA885C /* Card+CoreDataProperties.m */; };
		49CF99372BB6B6790055FA2A /* AppDelegate.m in Sources */ = {isa = PBXBuildFile; fileRef = 49CF99362BB6B6790055FA2A /* AppDelegate.m */; };
		49CF993A2BB6B6790055FA2A /* SceneDelegate.m in Sources */ = {isa = PBXBuildFile; fileRef = 49CF99392BB6B6790055FA2A /* SceneDelegate.m */; };
		49CF993D2BB6B67A0055FA2A /* HomeViewController.m in Sources */ = {isa = PBXBuildFile; fileRef = 49CF993C2BB6B67A0055FA2A /* HomeViewController.m */; };
		49CF99402BB6B67A0055FA2A /* Base in Resources */ = {isa = PBXBuildFile; fileRef = 49CF993F2BB6B67A0055FA2A /* Base */; };
		49CF99452BB6B67B0055FA2A /* Assets.xcassets in Resources */ = {isa = PBXBuildFile; fileRef = 49CF99442BB6B67B0055FA2A /* Assets.xcassets */; };
		49CF99482BB6B67B0055FA2A /* Base in Resources */ = {isa = PBXBuildFile; fileRef = 49CF99472BB6B67B0055FA2A /* Base */; };
		49CF994B2BB6B67B0055FA2A /* main.m in Sources */ = {isa = PBXBuildFile; fileRef = 49CF994A2BB6B67B0055FA2A /* main.m */; };
/* End PBXBuildFile section */

/* Begin PBXFileReference section */
		49104B2B2BBBA8BA00FA885C /* DeckTableViewCell.h */ = {isa = PBXFileReference; lastKnownFileType = sourcecode.c.h; path = DeckTableViewCell.h; sourceTree = "<group>"; };
		49104B2C2BBBA8BA00FA885C /* DeckTableViewCell.m */ = {isa = PBXFileReference; lastKnownFileType = sourcecode.c.objc; path = DeckTableViewCell.m; sourceTree = "<group>"; };
		49104B2F2BBBE1EA00FA885C /* BridgingHeader.h */ = {isa = PBXFileReference; fileEncoding = 4; lastKnownFileType = sourcecode.c.h; path = BridgingHeader.h; sourceTree = "<group>"; };
		49104B312BBBE1EA00FA885C /* Deck.xcdatamodel */ = {isa = PBXFileReference; lastKnownFileType = wrapper.xcdatamodel; path = Deck.xcdatamodel; sourceTree = "<group>"; };
		49104B342BBBE93C00FA885C /* Deck+CoreDataProperties.h */ = {isa = PBXFileReference; lastKnownFileType = sourcecode.c.h; path = "Deck+CoreDataProperties.h"; sourceTree = "<group>"; };
		49104B352BBBE93C00FA885C /* Deck+CoreDataClass.h */ = {isa = PBXFileReference; lastKnownFileType = sourcecode.c.h; path = "Deck+CoreDataClass.h"; sourceTree = "<group>"; };
		49104B362BBBE93C00FA885C /* Deck+CoreDataClass.m */ = {isa = PBXFileReference; lastKnownFileType = sourcecode.c.objc; path = "Deck+CoreDataClass.m"; sourceTree = "<group>"; };
		49104B372BBBE93C00FA885C /* Deck+CoreDataProperties.m */ = {isa = PBXFileReference; lastKnownFileType = sourcecode.c.objc; path = "Deck+CoreDataProperties.m"; sourceTree = "<group>"; };
		49104B3A2BBBE96F00FA885C /* Card+CoreDataProperties.h */ = {isa = PBXFileReference; lastKnownFileType = sourcecode.c.h; path = "Card+CoreDataProperties.h"; sourceTree = "<group>"; };
		49104B3B2BBBE96F00FA885C /* Card+CoreDataClass.h */ = {isa = PBXFileReference; lastKnownFileType = sourcecode.c.h; path = "Card+CoreDataClass.h"; sourceTree = "<group>"; };
		49104B3C2BBBE96F00FA885C /* Card+CoreDataClass.m */ = {isa = PBXFileReference; lastKnownFileType = sourcecode.c.objc; path = "Card+CoreDataClass.m"; sourceTree = "<group>"; };
		49104B3D2BBBE96F00FA885C /* Card+CoreDataProperties.m */ = {isa = PBXFileReference; lastKnownFileType = sourcecode.c.objc; path = "Card+CoreDataProperties.m"; sourceTree = "<group>"; };
		49CF99322BB6B6790055FA2A /* Objective Flashcards.app */ = {isa = PBXFileReference; explicitFileType = wrapper.application; includeInIndex = 0; path = "Objective Flashcards.app"; sourceTree = BUILT_PRODUCTS_DIR; };
		49CF99352BB6B6790055FA2A /* AppDelegate.h */ = {isa = PBXFileReference; lastKnownFileType = sourcecode.c.h; path = AppDelegate.h; sourceTree = "<group>"; };
		49CF99362BB6B6790055FA2A /* AppDelegate.m */ = {isa = PBXFileReference; lastKnownFileType = sourcecode.c.objc; path = AppDelegate.m; sourceTree = "<group>"; };
		49CF99382BB6B6790055FA2A /* SceneDelegate.h */ = {isa = PBXFileReference; lastKnownFileType = sourcecode.c.h; path = SceneDelegate.h; sourceTree = "<group>"; };
		49CF99392BB6B6790055FA2A /* SceneDelegate.m */ = {isa = PBXFileReference; lastKnownFileType = sourcecode.c.objc; path = SceneDelegate.m; sourceTree = "<group>"; };
		49CF993B2BB6B6790055FA2A /* HomeViewController.h */ = {isa = PBXFileReference; lastKnownFileType = sourcecode.c.h; path = HomeViewController.h; sourceTree = "<group>"; };
		49CF993C2BB6B67A0055FA2A /* HomeViewController.m */ = {isa = PBXFileReference; lastKnownFileType = sourcecode.c.objc; path = HomeViewController.m; sourceTree = "<group>"; };
		49CF993F2BB6B67A0055FA2A /* Base */ = {isa = PBXFileReference; lastKnownFileType = file.storyboard; name = Base; path = Base.lproj/Main.storyboard; sourceTree = "<group>"; };
		49CF99442BB6B67B0055FA2A /* Assets.xcassets */ = {isa = PBXFileReference; lastKnownFileType = folder.assetcatalog; path = Assets.xcassets; sourceTree = "<group>"; };
		49CF99472BB6B67B0055FA2A /* Base */ = {isa = PBXFileReference; lastKnownFileType = file.storyboard; name = Base; path = Base.lproj/LaunchScreen.storyboard; sourceTree = "<group>"; };
		49CF99492BB6B67B0055FA2A /* Info.plist */ = {isa = PBXFileReference; lastKnownFileType = text.plist.xml; path = Info.plist; sourceTree = "<group>"; };
		49CF994A2BB6B67B0055FA2A /* main.m */ = {isa = PBXFileReference; lastKnownFileType = sourcecode.c.objc; path = main.m; sourceTree = "<group>"; };
/* End PBXFileReference section */

/* Begin PBXFrameworksBuildPhase section */
		49CF992F2BB6B6790055FA2A /* Frameworks */ = {
			isa = PBXFrameworksBuildPhase;
			buildActionMask = 2147483647;
			files = (
			);
			runOnlyForDeploymentPostprocessing = 0;
		};
/* End PBXFrameworksBuildPhase section */

/* Begin PBXGroup section */
		496084592BBA9A0F009322EA /* Views */ = {
			isa = PBXGroup;
			children = (
				49CF993E2BB6B67A0055FA2A /* Main.storyboard */,
				49CF99462BB6B67B0055FA2A /* LaunchScreen.storyboard */,
				49104B2B2BBBA8BA00FA885C /* DeckTableViewCell.h */,
				49104B2C2BBBA8BA00FA885C /* DeckTableViewCell.m */,
			);
			path = Views;
			sourceTree = "<group>";
		};
		4960845A2BBA9A17009322EA /* Models */ = {
			isa = PBXGroup;
			children = (
				49104B302BBBE1EA00FA885C /* Model.xcdatamodeld */,
				49104B3A2BBBE96F00FA885C /* Card+CoreDataProperties.h */,
				49104B3B2BBBE96F00FA885C /* Card+CoreDataClass.h */,
				49104B3C2BBBE96F00FA885C /* Card+CoreDataClass.m */,
				49104B3D2BBBE96F00FA885C /* Card+CoreDataProperties.m */,
				49104B342BBBE93C00FA885C /* Deck+CoreDataProperties.h */,
				49104B352BBBE93C00FA885C /* Deck+CoreDataClass.h */,
				49104B362BBBE93C00FA885C /* Deck+CoreDataClass.m */,
				49104B372BBBE93C00FA885C /* Deck+CoreDataProperties.m */,
			);
			path = Models;
			sourceTree = "<group>";
		};
		4960845B2BBA9A20009322EA /* Controllers */ = {
			isa = PBXGroup;
			children = (
				49CF993B2BB6B6790055FA2A /* HomeViewController.h */,
				49CF993C2BB6B67A0055FA2A /* HomeViewController.m */,
			);
			path = Controllers;
			sourceTree = "<group>";
		};
		49CF99292BB6B6790055FA2A = {
			isa = PBXGroup;
			children = (
				49CF99342BB6B6790055FA2A /* Objective Flashcards */,
				49CF99332BB6B6790055FA2A /* Products */,
			);
			sourceTree = "<group>";
		};
		49CF99332BB6B6790055FA2A /* Products */ = {
			isa = PBXGroup;
			children = (
				49CF99322BB6B6790055FA2A /* Objective Flashcards.app */,
			);
			name = Products;
			sourceTree = "<group>";
		};
		49CF99342BB6B6790055FA2A /* Objective Flashcards */ = {
			isa = PBXGroup;
			children = (
				4960845B2BBA9A20009322EA /* Controllers */,
				4960845A2BBA9A17009322EA /* Models */,
				496084592BBA9A0F009322EA /* Views */,
				49104B2F2BBBE1EA00FA885C /* BridgingHeader.h */,
				49CF99352BB6B6790055FA2A /* AppDelegate.h */,
				49CF99362BB6B6790055FA2A /* AppDelegate.m */,
				49CF99382BB6B6790055FA2A /* SceneDelegate.h */,
				49CF99392BB6B6790055FA2A /* SceneDelegate.m */,
				49CF99442BB6B67B0055FA2A /* Assets.xcassets */,
				49CF99492BB6B67B0055FA2A /* Info.plist */,
				49CF994A2BB6B67B0055FA2A /* main.m */,
			);
			path = "Objective Flashcards";
			sourceTree = "<group>";
		};
/* End PBXGroup section */

/* Begin PBXNativeTarget section */
		49CF99312BB6B6790055FA2A /* Objective Flashcards */ = {
			isa = PBXNativeTarget;
			buildConfigurationList = 49CF994E2BB6B67B0055FA2A /* Build configuration list for PBXNativeTarget "Objective Flashcards" */;
			buildPhases = (
				49CF992E2BB6B6790055FA2A /* Sources */,
				49CF992F2BB6B6790055FA2A /* Frameworks */,
				49CF99302BB6B6790055FA2A /* Resources */,
			);
			buildRules = (
			);
			dependencies = (
			);
			name = "Objective Flashcards";
			productName = "Objective Flashcards";
			productReference = 49CF99322BB6B6790055FA2A /* Objective Flashcards.app */;
			productType = "com.apple.product-type.application";
		};
/* End PBXNativeTarget section */

/* Begin PBXProject section */
		49CF992A2BB6B6790055FA2A /* Project object */ = {
			isa = PBXProject;
			attributes = {
				BuildIndependentTargetsInParallel = 1;
				LastUpgradeCheck = 1530;
				TargetAttributes = {
					49CF99312BB6B6790055FA2A = {
						CreatedOnToolsVersion = 15.3;
						LastSwiftMigration = 1530;
					};
				};
			};
			buildConfigurationList = 49CF992D2BB6B6790055FA2A /* Build configuration list for PBXProject "Objective Flashcards" */;
			compatibilityVersion = "Xcode 14.0";
			developmentRegion = en;
			hasScannedForEncodings = 0;
			knownRegions = (
				en,
				Base,
			);
			mainGroup = 49CF99292BB6B6790055FA2A;
			productRefGroup = 49CF99332BB6B6790055FA2A /* Products */;
			projectDirPath = "";
			projectRoot = "";
			targets = (
				49CF99312BB6B6790055FA2A /* Objective Flashcards */,
			);
		};
/* End PBXProject section */

/* Begin PBXResourcesBuildPhase section */
		49CF99302BB6B6790055FA2A /* Resources */ = {
			isa = PBXResourcesBuildPhase;
			buildActionMask = 2147483647;
			files = (
				49CF99452BB6B67B0055FA2A /* Assets.xcassets in Resources */,
				49CF99482BB6B67B0055FA2A /* Base in Resources */,
				49CF99402BB6B67A0055FA2A /* Base in Resources */,
			);
			runOnlyForDeploymentPostprocessing = 0;
		};
/* End PBXResourcesBuildPhase section */

/* Begin PBXSourcesBuildPhase section */
		49CF992E2BB6B6790055FA2A /* Sources */ = {
			isa = PBXSourcesBuildPhase;
			buildActionMask = 2147483647;
			files = (
				49104B382BBBE93C00FA885C /* Deck+CoreDataClass.m in Sources */,
				49104B392BBBE93C00FA885C /* Deck+CoreDataProperties.m in Sources */,
				49104B332BBBE1EA00FA885C /* Model.xcdatamodeld in Sources */,
				49104B2D2BBBA8BA00FA885C /* DeckTableViewCell.m in Sources */,
				49CF994B2BB6B67B0055FA2A /* main.m in Sources */,
				49CF993D2BB6B67A0055FA2A /* HomeViewController.m in Sources */,
				49CF99372BB6B6790055FA2A /* AppDelegate.m in Sources */,
				49104B3E2BBBE96F00FA885C /* Card+CoreDataClass.m in Sources */,
				49104B3F2BBBE96F00FA885C /* Card+CoreDataProperties.m in Sources */,
				49CF993A2BB6B6790055FA2A /* SceneDelegate.m in Sources */,
			);
			runOnlyForDeploymentPostprocessing = 0;
		};
/* End PBXSourcesBuildPhase section */

/* Begin PBXVariantGroup section */
		49CF993E2BB6B67A0055FA2A /* Main.storyboard */ = {
			isa = PBXVariantGroup;
			children = (
				49CF993F2BB6B67A0055FA2A /* Base */,
			);
			name = Main.storyboard;
			sourceTree = "<group>";
		};
		49CF99462BB6B67B0055FA2A /* LaunchScreen.storyboard */ = {
			isa = PBXVariantGroup;
			children = (
				49CF99472BB6B67B0055FA2A /* Base */,
			);
			name = LaunchScreen.storyboard;
			sourceTree = "<group>";
		};
/* End PBXVariantGroup section */

/* Begin XCBuildConfiguration section */
		49CF994C2BB6B67B0055FA2A /* Debug */ = {
			isa = XCBuildConfiguration;
			buildSettings = {
				ALWAYS_SEARCH_USER_PATHS = NO;
				ASSETCATALOG_COMPILER_GENERATE_SWIFT_ASSET_SYMBOL_EXTENSIONS = YES;
				CLANG_ANALYZER_NONNULL = YES;
				CLANG_ANALYZER_NUMBER_OBJECT_CONVERSION = YES_AGGRESSIVE;
				CLANG_CXX_LANGUAGE_STANDARD = "gnu++20";
				CLANG_ENABLE_MODULES = YES;
				CLANG_ENABLE_OBJC_ARC = YES;
				CLANG_ENABLE_OBJC_WEAK = YES;
				CLANG_WARN_BLOCK_CAPTURE_AUTORELEASING = YES;
				CLANG_WARN_BOOL_CONVERSION = YES;
				CLANG_WARN_COMMA = YES;
				CLANG_WARN_CONSTANT_CONVERSION = YES;
				CLANG_WARN_DEPRECATED_OBJC_IMPLEMENTATIONS = YES;
				CLANG_WARN_DIRECT_OBJC_ISA_USAGE = YES_ERROR;
				CLANG_WARN_DOCUMENTATION_COMMENTS = YES;
				CLANG_WARN_EMPTY_BODY = YES;
				CLANG_WARN_ENUM_CONVERSION = YES;
				CLANG_WARN_INFINITE_RECURSION = YES;
				CLANG_WARN_INT_CONVERSION = YES;
				CLANG_WARN_NON_LITERAL_NULL_CONVERSION = YES;
				CLANG_WARN_OBJC_IMPLICIT_RETAIN_SELF = YES;
				CLANG_WARN_OBJC_LITERAL_CONVERSION = YES;
				CLANG_WARN_OBJC_ROOT_CLASS = YES_ERROR;
				CLANG_WARN_QUOTED_INCLUDE_IN_FRAMEWORK_HEADER = YES;
				CLANG_WARN_RANGE_LOOP_ANALYSIS = YES;
				CLANG_WARN_STRICT_PROTOTYPES = YES;
				CLANG_WARN_SUSPICIOUS_MOVE = YES;
				CLANG_WARN_UNGUARDED_AVAILABILITY = YES_AGGRESSIVE;
				CLANG_WARN_UNREACHABLE_CODE = YES;
				CLANG_WARN__DUPLICATE_METHOD_MATCH = YES;
				COPY_PHASE_STRIP = NO;
				DEBUG_INFORMATION_FORMAT = dwarf;
				ENABLE_STRICT_OBJC_MSGSEND = YES;
				ENABLE_TESTABILITY = YES;
				ENABLE_USER_SCRIPT_SANDBOXING = YES;
				GCC_C_LANGUAGE_STANDARD = gnu17;
				GCC_DYNAMIC_NO_PIC = NO;
				GCC_NO_COMMON_BLOCKS = YES;
				GCC_OPTIMIZATION_LEVEL = 0;
				GCC_PREPROCESSOR_DEFINITIONS = (
					"DEBUG=1",
					"$(inherited)",
				);
				GCC_WARN_64_TO_32_BIT_CONVERSION = YES;
				GCC_WARN_ABOUT_RETURN_TYPE = YES_ERROR;
				GCC_WARN_UNDECLARED_SELECTOR = YES;
				GCC_WARN_UNINITIALIZED_AUTOS = YES_AGGRESSIVE;
				GCC_WARN_UNUSED_FUNCTION = YES;
				GCC_WARN_UNUSED_VARIABLE = YES;
				IPHONEOS_DEPLOYMENT_TARGET = 17.4;
				LOCALIZATION_PREFERS_STRING_CATALOGS = YES;
				MTL_ENABLE_DEBUG_INFO = INCLUDE_SOURCE;
				MTL_FAST_MATH = YES;
				ONLY_ACTIVE_ARCH = YES;
				SDKROOT = iphoneos;
				SWIFT_OBJC_BRIDGING_HEADER = "";
			};
			name = Debug;
		};
		49CF994D2BB6B67B0055FA2A /* Release */ = {
			isa = XCBuildConfiguration;
			buildSettings = {
				ALWAYS_SEARCH_USER_PATHS = NO;
				ASSETCATALOG_COMPILER_GENERATE_SWIFT_ASSET_SYMBOL_EXTENSIONS = YES;
				CLANG_ANALYZER_NONNULL = YES;
				CLANG_ANALYZER_NUMBER_OBJECT_CONVERSION = YES_AGGRESSIVE;
				CLANG_CXX_LANGUAGE_STANDARD = "gnu++20";
				CLANG_ENABLE_MODULES = YES;
				CLANG_ENABLE_OBJC_ARC = YES;
				CLANG_ENABLE_OBJC_WEAK = YES;
				CLANG_WARN_BLOCK_CAPTURE_AUTORELEASING = YES;
				CLANG_WARN_BOOL_CONVERSION = YES;
				CLANG_WARN_COMMA = YES;
				CLANG_WARN_CONSTANT_CONVERSION = YES;
				CLANG_WARN_DEPRECATED_OBJC_IMPLEMENTATIONS = YES;
				CLANG_WARN_DIRECT_OBJC_ISA_USAGE = YES_ERROR;
				CLANG_WARN_DOCUMENTATION_COMMENTS = YES;
				CLANG_WARN_EMPTY_BODY = YES;
				CLANG_WARN_ENUM_CONVERSION = YES;
				CLANG_WARN_INFINITE_RECURSION = YES;
				CLANG_WARN_INT_CONVERSION = YES;
				CLANG_WARN_NON_LITERAL_NULL_CONVERSION = YES;
				CLANG_WARN_OBJC_IMPLICIT_RETAIN_SELF = YES;
				CLANG_WARN_OBJC_LITERAL_CONVERSION = YES;
				CLANG_WARN_OBJC_ROOT_CLASS = YES_ERROR;
				CLANG_WARN_QUOTED_INCLUDE_IN_FRAMEWORK_HEADER = YES;
				CLANG_WARN_RANGE_LOOP_ANALYSIS = YES;
				CLANG_WARN_STRICT_PROTOTYPES = YES;
				CLANG_WARN_SUSPICIOUS_MOVE = YES;
				CLANG_WARN_UNGUARDED_AVAILABILITY = YES_AGGRESSIVE;
				CLANG_WARN_UNREACHABLE_CODE = YES;
				CLANG_WARN__DUPLICATE_METHOD_MATCH = YES;
				COPY_PHASE_STRIP = NO;
				DEBUG_INFORMATION_FORMAT = "dwarf-with-dsym";
				ENABLE_NS_ASSERTIONS = NO;
				ENABLE_STRICT_OBJC_MSGSEND = YES;
				ENABLE_USER_SCRIPT_SANDBOXING = YES;
				GCC_C_LANGUAGE_STANDARD = gnu17;
				GCC_NO_COMMON_BLOCKS = YES;
				GCC_WARN_64_TO_32_BIT_CONVERSION = YES;
				GCC_WARN_ABOUT_RETURN_TYPE = YES_ERROR;
				GCC_WARN_UNDECLARED_SELECTOR = YES;
				GCC_WARN_UNINITIALIZED_AUTOS = YES_AGGRESSIVE;
				GCC_WARN_UNUSED_FUNCTION = YES;
				GCC_WARN_UNUSED_VARIABLE = YES;
				IPHONEOS_DEPLOYMENT_TARGET = 17.4;
				LOCALIZATION_PREFERS_STRING_CATALOGS = YES;
				MTL_ENABLE_DEBUG_INFO = NO;
				MTL_FAST_MATH = YES;
				SDKROOT = iphoneos;
				SWIFT_OBJC_BRIDGING_HEADER = "";
				VALIDATE_PRODUCT = YES;
			};
			name = Release;
		};
		49CF994F2BB6B67B0055FA2A /* Debug */ = {
			isa = XCBuildConfiguration;
			buildSettings = {
				ASSETCATALOG_COMPILER_APPICON_NAME = AppIcon;
				ASSETCATALOG_COMPILER_GLOBAL_ACCENT_COLOR_NAME = AccentColor;
				CLANG_ENABLE_MODULES = YES;
				CODE_SIGN_STYLE = Automatic;
				CURRENT_PROJECT_VERSION = 1;
				DEVELOPMENT_TEAM = HFYWW8ST8C;
				GENERATE_INFOPLIST_FILE = YES;
				INFOPLIST_FILE = "Objective Flashcards/Info.plist";
				INFOPLIST_KEY_UIApplicationSupportsIndirectInputEvents = YES;
				INFOPLIST_KEY_UILaunchStoryboardName = LaunchScreen;
				INFOPLIST_KEY_UIMainStoryboardFile = Main;
				INFOPLIST_KEY_UISupportedInterfaceOrientations_iPad = "UIInterfaceOrientationPortrait UIInterfaceOrientationPortraitUpsideDown UIInterfaceOrientationLandscapeLeft UIInterfaceOrientationLandscapeRight";
				INFOPLIST_KEY_UISupportedInterfaceOrientations_iPhone = "UIInterfaceOrientationPortrait UIInterfaceOrientationLandscapeLeft UIInterfaceOrientationLandscapeRight";
				LD_RUNPATH_SEARCH_PATHS = (
					"$(inherited)",
					"@executable_path/Frameworks",
				);
				MARKETING_VERSION = 1.0;
				PRODUCT_BUNDLE_IDENTIFIER = "codes.arash.dev.Objective-Flashcards";
				PRODUCT_NAME = "$(TARGET_NAME)";
				SWIFT_EMIT_LOC_STRINGS = YES;
				SWIFT_OBJC_BRIDGING_HEADER = "Objective Flashcards/BridgingHeader.h";
				SWIFT_OPTIMIZATION_LEVEL = "-Onone";
				SWIFT_VERSION = 5.0;
				TARGETED_DEVICE_FAMILY = "1,2";
			};
			name = Debug;
		};
		49CF99502BB6B67B0055FA2A /* Release */ = {
			isa = XCBuildConfiguration;
			buildSettings = {
				ASSETCATALOG_COMPILER_APPICON_NAME = AppIcon;
				ASSETCATALOG_COMPILER_GLOBAL_ACCENT_COLOR_NAME = AccentColor;
				CLANG_ENABLE_MODULES = YES;
				CODE_SIGN_STYLE = Automatic;
				CURRENT_PROJECT_VERSION = 1;
				DEVELOPMENT_TEAM = HFYWW8ST8C;
				GENERATE_INFOPLIST_FILE = YES;
				INFOPLIST_FILE = "Objective Flashcards/Info.plist";
				INFOPLIST_KEY_UIApplicationSupportsIndirectInputEvents = YES;
				INFOPLIST_KEY_UILaunchStoryboardName = LaunchScreen;
				INFOPLIST_KEY_UIMainStoryboardFile = Main;
				INFOPLIST_KEY_UISupportedInterfaceOrientations_iPad = "UIInterfaceOrientationPortrait UIInterfaceOrientationPortraitUpsideDown UIInterfaceOrientationLandscapeLeft UIInterfaceOrientationLandscapeRight";
				INFOPLIST_KEY_UISupportedInterfaceOrientations_iPhone = "UIInterfaceOrientationPortrait UIInterfaceOrientationLandscapeLeft UIInterfaceOrientationLandscapeRight";
				LD_RUNPATH_SEARCH_PATHS = (
					"$(inherited)",
					"@executable_path/Frameworks",
				);
				MARKETING_VERSION = 1.0;
				PRODUCT_BUNDLE_IDENTIFIER = "codes.arash.dev.Objective-Flashcards";
				PRODUCT_NAME = "$(TARGET_NAME)";
				SWIFT_EMIT_LOC_STRINGS = YES;
				SWIFT_OBJC_BRIDGING_HEADER = "Objective Flashcards/BridgingHeader.h";
				SWIFT_VERSION = 5.0;
				TARGETED_DEVICE_FAMILY = "1,2";
			};
			name = Release;
		};
/* End XCBuildConfiguration section */

/* Begin XCConfigurationList section */
		49CF992D2BB6B6790055FA2A /* Build configuration list for PBXProject "Objective Flashcards" */ = {
			isa = XCConfigurationList;
			buildConfigurations = (
				49CF994C2BB6B67B0055FA2A /* Debug */,
				49CF994D2BB6B67B0055FA2A /* Release */,
			);
			defaultConfigurationIsVisible = 0;
			defaultConfigurationName = Release;
		};
		49CF994E2BB6B67B0055FA2A /* Build configuration list for PBXNativeTarget "Objective Flashcards" */ = {
			isa = XCConfigurationList;
			buildConfigurations = (
				49CF994F2BB6B67B0055FA2A /* Debug */,
				49CF99502BB6B67B0055FA2A /* Release */,
			);
			defaultConfigurationIsVisible = 0;
			defaultConfigurationName = Release;
		};
/* End XCConfigurationList section */

/* Begin XCVersionGroup section */
		49104B302BBBE1EA00FA885C /* Model.xcdatamodeld */ = {
			isa = XCVersionGroup;
			children = (
				49104B312BBBE1EA00FA885C /* Deck.xcdatamodel */,
			);
			currentVersion = 49104B312BBBE1EA00FA885C /* Deck.xcdatamodel */;
			path = Model.xcdatamodeld;
			sourceTree = "<group>";
			versionGroupType = wrapper.xcdatamodel;
		};
/* End XCVersionGroup section */
	};
	rootObject = 49CF992A2BB6B6790055FA2A /* Project object */;
}
